
Microsoft Visual Studio Solution File, Format Version 12.00
# Visual Studio 15
VisualStudioVersion = 15.0.26430.12
MinimumVisualStudioVersion = 10.0.40219.1
Project("{FAE04EC0-301F-11D3-BF4B-00C04F79EFBC}") = "Phonebook.Tests", "Phonebook.Tests\Phonebook.Tests.csproj", "{EF7C0A67-7245-4F73-B6D7-B85A50D7C978}"
EndProject
Project("{FAE04EC0-301F-11D3-BF4B-00C04F79EFBC}") = "Phonebook.Web", "Phonebook.Web\Phonebook.Web.csproj", "{F0CC24A1-419F-4460-8603-27D9A6687686}"
EndProject
Project("{FAE04EC0-301F-11D3-BF4B-00C04F79EFBC}") = "Phonebook.Database", "Phonebook.DataBase\Phonebook.Database.csproj", "{00E1441D-C6A7-4CAD-8B68-CD7D4C1D85DA}"
EndProject
Project("{FAE04EC0-301F-11D3-BF4B-00C04F79EFBC}") = "Phonebook.Models", "Phonebook.Models\Phonebook.Models.csproj", "{846A0D7C-EFEF-4BAA-BB8E-B66CF9D4B00A}"
EndProject
Project("{FAE04EC0-301F-11D3-BF4B-00C04F79EFBC}") = "Phonebook.Contracts", "Phonebook.Contracts\Phonebook.Contracts.csproj", "{A2DA7954-CC1D-424B-9072-05249FD9B704}"
EndProject
Project("{FAE04EC0-301F-11D3-BF4B-00C04F79EFBC}") = "Phonebook.Services", "Phonebook.Services\Phonebook.Services.csproj", "{2DD9A43B-83D2-458A-88BC-A087D1C31859}"
EndProject
Global
	GlobalSection(SolutionConfigurationPlatforms) = preSolution
		Debug|Any CPU = Debug|Any CPU
		Release|Any CPU = Release|Any CPU
	EndGlobalSection
	GlobalSection(ProjectConfigurationPlatforms) = postSolution
		{EF7C0A67-7245-4F73-B6D7-B85A50D7C978}.Debug|Any CPU.ActiveCfg = Debug|Any CPU
		{EF7C0A67-7245-4F73-B6D7-B85A50D7C978}.Debug|Any CPU.Build.0 = Debug|Any CPU
		{EF7C0A67-7245-4F73-B6D7-B85A50D7C978}.Release|Any CPU.ActiveCfg = Release|Any CPU
		{EF7C0A67-7245-4F73-B6D7-B85A50D7C978}.Release|Any CPU.Build.0 = Release|Any CPU
		{F0CC24A1-419F-4460-8603-27D9A6687686}.Debug|Any CPU.ActiveCfg = Debug|Any CPU
		{F0CC24A1-419F-4460-8603-27D9A6687686}.Debug|Any CPU.Build.0 = Debug|Any CPU
		{F0CC24A1-419F-4460-8603-27D9A6687686}.Release|Any CPU.ActiveCfg = Release|Any CPU
		{F0CC24A1-419F-4460-8603-27D9A6687686}.Release|Any CPU.Build.0 = Release|Any CPU
		{00E1441D-C6A7-4CAD-8B68-CD7D4C1D85DA}.Debug|Any CPU.ActiveCfg = Debug|Any CPU
		{00E1441D-C6A7-4CAD-8B68-CD7D4C1D85DA}.Debug|Any CPU.Build.0 = Debug|Any CPU
		{00E1441D-C6A7-4CAD-8B68-CD7D4C1D85DA}.Release|Any CPU.ActiveCfg = Release|Any CPU
		{00E1441D-C6A7-4CAD-8B68-CD7D4C1D85DA}.Release|Any CPU.Build.0 = Release|Any CPU
		{846A0D7C-EFEF-4BAA-BB8E-B66CF9D4B00A}.Debug|Any CPU.ActiveCfg = Debug|Any CPU
		{846A0D7C-EFEF-4BAA-BB8E-B66CF9D4B00A}.Debug|Any CPU.Build.0 = Debug|Any CPU
		{846A0D7C-EFEF-4BAA-BB8E-B66CF9D4B00A}.Release|Any CPU.ActiveCfg = Release|Any CPU
		{846A0D7C-EFEF-4BAA-BB8E-B66CF9D4B00A}.Release|Any CPU.Build.0 = Release|Any CPU
		{A2DA7954-CC1D-424B-9072-05249FD9B704}.Debug|Any CPU.ActiveCfg = Debug|Any CPU
		{A2DA7954-CC1D-424B-9072-05249FD9B704}.Debug|Any CPU.Build.0 = Debug|Any CPU
		{A2DA7954-CC1D-424B-9072-05249FD9B704}.Release|Any CPU.ActiveCfg = Release|Any CPU
		{A2DA7954-CC1D-424B-9072-05249FD9B704}.Release|Any CPU.Build.0 = Release|Any CPU
		{2DD9A43B-83D2-458A-88BC-A087D1C31859}.Debug|Any CPU.ActiveCfg = Debug|Any CPU
		{2DD9A43B-83D2-458A-88BC-A087D1C31859}.Debug|Any CPU.Build.0 = Debug|Any CPU
		{2DD9A43B-83D2-458A-88BC-A087D1C31859}.Release|Any CPU.ActiveCfg = Release|Any CPU
		{2DD9A43B-83D2-458A-88BC-A087D1C31859}.Release|Any CPU.Build.0 = Release|Any CPU
	EndGlobalSection
	GlobalSection(SolutionProperties) = preSolution
		HideSolutionNode = FALSE
	EndGlobalSection
EndGlobal
